
Microsoft Visual Studio Solution File, Format Version 12.00
# Visual Studio Version 16
VisualStudioVersion = 16.0.31005.135
MinimumVisualStudioVersion = 10.0.40219.1
Project("{9A19103F-16F7-4668-BE54-9A1E7A4F7556}") = "CoreApiRepositoryUnitOfWork", "CoreApiRepositoryUnitOfWork\CoreApiRepositoryUnitOfWork.csproj", "{0B5C912D-317D-4EE6-8845-7AC8733F5527}"
EndProject
Global
	GlobalSection(SolutionConfigurationPlatforms) = preSolution
		Debug|Any CPU = Debug|Any CPU
		Release|Any CPU = Release|Any CPU
	EndGlobalSection
	GlobalSection(ProjectConfigurationPlatforms) = postSolution
		{0B5C912D-317D-4EE6-8845-7AC8733F5527}.Debug|Any CPU.ActiveCfg = Debug|Any CPU
		{0B5C912D-317D-4EE6-8845-7AC8733F5527}.Debug|Any CPU.Build.0 = Debug|Any CPU
		{0B5C912D-317D-4EE6-8845-7AC8733F5527}.Release|Any CPU.ActiveCfg = Release|Any CPU
		{0B5C912D-317D-4EE6-8845-7AC8733F5527}.Release|Any CPU.Build.0 = Release|Any CPU
	EndGlobalSection
	GlobalSection(SolutionProperties) = preSolution
		HideSolutionNode = FALSE
	EndGlobalSection
	GlobalSection(ExtensibilityGlobals) = postSolution
		SolutionGuid = {DE48D5CB-8741-410A-A4E8-ECF9A5F4C8DB}
	EndGlobalSection
EndGlobal
